<?xml version="1.0" encoding="utf-8"?>
<Project ToolsVersion="4.0" xmlns="http://schemas.microsoft.com/developer/msbuild/2003">
  <ItemGroup>
    <Filter Include="Source Files">
      <UniqueIdentifier>{4FC737F1-C7A5-4376-A066-2A32D752A2FF}</UniqueIdentifier>
      <Extensions>cpp;cxx;c;def</Extensions>
    </Filter>
    <Filter Include="Form Files">
      <UniqueIdentifier>{99349809-55BA-4b9d-BF79-8FDBB0286EB3}</UniqueIdentifier>
      <Extensions>ui</Extensions>
    </Filter>
    <Filter Include="Resource Files">
      <UniqueIdentifier>{D9D6E242-F8AF-46E4-B9FD-80ECBC20BA3E}</UniqueIdentifier>
      <Extensions>qrc;*</Extensions>
      <ParseFiles>false</ParseFiles>
    </Filter>
    <Filter Include="Generated Files">
      <UniqueIdentifier>{71ED8ED8-ACB9-4CE9-BBE1-E00B30144E11}</UniqueIdentifier>
      <Extensions>moc;h;cpp</Extensions>
      <SourceControlFiles>False</SourceControlFiles>
    </Filter>
    <Filter Include="Generated Files\Debug">
      <UniqueIdentifier>{59275a57-ce53-437d-9301-2910a37e37c6}</UniqueIdentifier>
      <Extensions>cpp;moc</Extensions>
      <SourceControlFiles>False</SourceControlFiles>
    </Filter>
    <Filter Include="Generated Files\Release">
      <UniqueIdentifier>{05eab42d-bdca-42fb-8d11-daa941d1dbc5}</UniqueIdentifier>
      <Extensions>cpp;moc</Extensions>
      <SourceControlFiles>False</SourceControlFiles>
    </Filter>
    <Filter Include="algorithm">
      <UniqueIdentifier>{81d58e2e-08a4-4bd7-8953-b57a7536711f}</UniqueIdentifier>
    </Filter>
    <Filter Include="algorithm\camera">
      <UniqueIdentifier>{fe1f4140-646b-4a2f-89f7-b56ffd1dfe87}</UniqueIdentifier>
    </Filter>
    <Filter Include="algorithm\conv">
      <UniqueIdentifier>{01da125a-a8a6-4688-a6ff-a9e705c88368}</UniqueIdentifier>
    </Filter>
    <Filter Include="algorithm\freeImage">
      <UniqueIdentifier>{8ca46123-0fcc-4600-9bbe-3d562f4600e1}</UniqueIdentifier>
    </Filter>
    <Filter Include="algorithm\kdtree">
      <UniqueIdentifier>{3b132013-5fb2-4a18-a877-126405580ea3}</UniqueIdentifier>
    </Filter>
    <Filter Include="algorithm\ldpMat">
      <UniqueIdentifier>{4ef5a48a-9724-41f3-8ac4-0774ddaa59f3}</UniqueIdentifier>
    </Filter>
    <Filter Include="algorithm\renderable">
      <UniqueIdentifier>{c17f86d0-7fdf-4aea-85c2-9c034e47aa30}</UniqueIdentifier>
    </Filter>
    <Filter Include="algorithm\triangle">
      <UniqueIdentifier>{84829a69-bd9f-41ec-b35b-0d39f03f0f65}</UniqueIdentifier>
    </Filter>
    <Filter Include="algorithm\cloth">
      <UniqueIdentifier>{f762a534-be22-45c8-bc5a-a53dca7d2ec4}</UniqueIdentifier>
    </Filter>
    <Filter Include="event_handle">
      <UniqueIdentifier>{eca3fb3e-8d28-4240-bedb-ca9cc79064ce}</UniqueIdentifier>
    </Filter>
    <Filter Include="algorithm\svgpp">
      <UniqueIdentifier>{d42d5c11-4c40-4af7-a44d-08b117081341}</UniqueIdentifier>
    </Filter>
    <Filter Include="algorithm\svgpp\nvprsvg">
      <UniqueIdentifier>{a0c256dd-817e-4b22-a21f-94e2816f4259}</UniqueIdentifier>
    </Filter>
    <Filter Include="algorithm\tinyxml">
      <UniqueIdentifier>{c05d38b2-c3af-4b0e-8522-ea9b0af7cc36}</UniqueIdentifier>
    </Filter>
    <Filter Include="algorithm\svgpp\nvprsvg\common">
      <UniqueIdentifier>{6f45ea97-e4f2-4ecb-a235-f3f0ff441ec6}</UniqueIdentifier>
    </Filter>
    <Filter Include="algorithm\svgpp\nvprsvg\stb">
      <UniqueIdentifier>{98db4efb-3d10-4bb0-8b41-6aed1ce67576}</UniqueIdentifier>
    </Filter>
    <Filter Include="algorithm\svgpp\nvprsvg\stc">
      <UniqueIdentifier>{88ff6030-16e8-48af-ba78-29f81d0def38}</UniqueIdentifier>
    </Filter>
    <Filter Include="algorithm\svgpp\nvprsvg\nvpr">
      <UniqueIdentifier>{8ee12c03-d053-4439-879a-b67f12656d39}</UniqueIdentifier>
    </Filter>
    <Filter Include="algorithm\svgpp\nvprsvg\cg">
      <UniqueIdentifier>{eb6d9ce6-f5f9-42e4-b765-0a8e47613d6b}</UniqueIdentifier>
    </Filter>
    <Filter Include="algorithm\shader">
      <UniqueIdentifier>{a5bbc8f4-a988-4879-bc29-e8695ea14381}</UniqueIdentifier>
    </Filter>
    <Filter Include="algorithm\cloth\graph">
      <UniqueIdentifier>{cc08b4b8-0605-480e-bb49-bf7cf42e9687}</UniqueIdentifier>
    </Filter>
    <Filter Include="algorithm\matio">
      <UniqueIdentifier>{586f37b6-d739-4343-b64c-f86c4558c584}</UniqueIdentifier>
    </Filter>
  </ItemGroup>
  <ItemGroup>
    <ClCompile Include="main.cpp">
      <Filter>Source Files</Filter>
    </ClCompile>
    <ClCompile Include="clothdesigner.cpp">
      <Filter>Source Files</Filter>
    </ClCompile>
    <ClCompile Include="GeneratedFiles\qrc_clothdesigner.cpp">
      <Filter>Generated Files</Filter>
    </ClCompile>
    <ClCompile Include="GeneratedFiles\qrc_style.cpp">
      <Filter>Generated Files</Filter>
    </ClCompile>
    <ClCompile Include="Algorithm\camera\Camera.cpp">
      <Filter>algorithm\camera</Filter>
    </ClCompile>
    <ClCompile Include="Algorithm\conv\Convolution_Helper.cpp">
      <Filter>algorithm\conv</Filter>
    </ClCompile>
    <ClCompile Include="Algorithm\conv\ConvolutionPyramid.cpp">
      <Filter>algorithm\conv</Filter>
    </ClCompile>
    <ClCompile Include="Algorithm\conv\ImageData.cpp">
      <Filter>algorithm\conv</Filter>
    </ClCompile>
    <ClCompile Include="Algorithm\FreeImage\CFreeImage.cpp">
      <Filter>algorithm\freeImage</Filter>
    </ClCompile>
    <ClCompile Include="Algorithm\kdtree\AABB.cpp">
      <Filter>algorithm\kdtree</Filter>
    </ClCompile>
    <ClCompile Include="Algorithm\kdtree\KdTree.cpp">
      <Filter>algorithm\kdtree</Filter>
    </ClCompile>
    <ClCompile Include="Algorithm\kdtree\Primitive.cpp">
      <Filter>algorithm\kdtree</Filter>
    </ClCompile>
    <ClCompile Include="Algorithm\Renderable\bmesh.cpp">
      <Filter>algorithm\renderable</Filter>
    </ClCompile>
    <ClCompile Include="Algorithm\Renderable\BoneMesh.cpp">
      <Filter>algorithm\renderable</Filter>
    </ClCompile>
    <ClCompile Include="Algorithm\Renderable\GLNode.cpp">
      <Filter>algorithm\renderable</Filter>
    </ClCompile>
    <ClCompile Include="Algorithm\Renderable\ObjMesh.cpp">
      <Filter>algorithm\renderable</Filter>
    </ClCompile>
    <ClCompile Include="Algorithm\ldputil.cpp">
      <Filter>algorithm</Filter>
    </ClCompile>
    <ClCompile Include="Algorithm\qimdebug.cpp">
      <Filter>algorithm</Filter>
    </ClCompile>
    <ClCompile Include="Algorithm\triangle\triangle.c">
      <Filter>algorithm\triangle</Filter>
    </ClCompile>
    <ClCompile Include="Algorithm\cloth\clothManager.cpp">
      <Filter>algorithm\cloth</Filter>
    </ClCompile>
    <ClCompile Include="Algorithm\cloth\clothPiece.cpp">
      <Filter>algorithm\cloth</Filter>
    </ClCompile>
    <ClCompile Include="viewer3d.cpp">
      <Filter>Source Files</Filter>
    </ClCompile>
    <ClCompile Include="event_handles\Abstract3dEventHandle.cpp">
      <Filter>event_handle</Filter>
    </ClCompile>
    <ClCompile Include="Algorithm\global_data_holder.cpp">
      <Filter>algorithm</Filter>
    </ClCompile>
    <ClCompile Include="event_handles\Translate3dEventHandle.cpp">
      <Filter>event_handle</Filter>
    </ClCompile>
    <ClCompile Include="event_handles\Select3dEventHandle.cpp">
      <Filter>event_handle</Filter>
    </ClCompile>
    <ClCompile Include="event_handles\Rotate3dEventHandle.cpp">
      <Filter>event_handle</Filter>
    </ClCompile>
    <ClCompile Include="Algorithm\cloth\LevelSet3D.cpp">
      <Filter>algorithm\cloth</Filter>
    </ClCompile>
    <ClCompile Include="Algorithm\cloth\device_memory.cpp">
      <Filter>algorithm\cloth</Filter>
    </ClCompile>
    <ClCompile Include="Viewer2d.cpp">
      <Filter>Source Files</Filter>
    </ClCompile>
    <ClCompile Include="event_handles\Abstract2dEventHandle.cpp">
      <Filter>event_handle</Filter>
    </ClCompile>
    <ClCompile Include="algorithm\svgpp\nvprsvg\ActiveControlPoint.cpp">
      <Filter>algorithm\svgpp\nvprsvg</Filter>
    </ClCompile>
    <ClCompile Include="algorithm\svgpp\nvprsvg\color_names.cpp">
      <Filter>algorithm\svgpp\nvprsvg</Filter>
    </ClCompile>
    <ClCompile Include="algorithm\svgpp\nvprsvg\freetype2_loader.cpp">
      <Filter>algorithm\svgpp\nvprsvg</Filter>
    </ClCompile>
    <ClCompile Include="algorithm\svgpp\nvprsvg\glmatrix.cpp">
      <Filter>algorithm\svgpp\nvprsvg</Filter>
    </ClCompile>
    <ClCompile Include="algorithm\svgpp\nvprsvg\path.cpp">
      <Filter>algorithm\svgpp\nvprsvg</Filter>
    </ClCompile>
    <ClCompile Include="algorithm\svgpp\nvprsvg\path_data.cpp">
      <Filter>algorithm\svgpp\nvprsvg</Filter>
    </ClCompile>
    <ClCompile Include="algorithm\svgpp\nvprsvg\path_parse_svg.cpp">
      <Filter>algorithm\svgpp\nvprsvg</Filter>
    </ClCompile>
    <ClCompile Include="algorithm\svgpp\nvprsvg\path_process.cpp">
      <Filter>algorithm\svgpp\nvprsvg</Filter>
    </ClCompile>
    <ClCompile Include="algorithm\svgpp\nvprsvg\renderer.cpp">
      <Filter>algorithm\svgpp\nvprsvg</Filter>
    </ClCompile>
    <ClCompile Include="algorithm\svgpp\nvprsvg\scene.cpp">
      <Filter>algorithm\svgpp\nvprsvg</Filter>
    </ClCompile>
    <ClCompile Include="algorithm\svgpp\nvprsvg\sRGB_vector.cpp">
      <Filter>algorithm\svgpp\nvprsvg</Filter>
    </ClCompile>
    <ClCompile Include="algorithm\svgpp\nvprsvg\svg_files.cpp">
      <Filter>algorithm\svgpp\nvprsvg</Filter>
    </ClCompile>
    <ClCompile Include="algorithm\svgpp\nvprsvg\svg_loader.cpp">
      <Filter>algorithm\svgpp\nvprsvg</Filter>
    </ClCompile>
    <ClCompile Include="algorithm\svgpp\SvgManager.cpp">
      <Filter>algorithm\svgpp</Filter>
    </ClCompile>
    <ClCompile Include="algorithm\svgpp\SvgAbstractObject.cpp">
      <Filter>algorithm\svgpp</Filter>
    </ClCompile>
    <ClCompile Include="algorithm\svgpp\SvgAttribute.cpp">
      <Filter>algorithm\svgpp</Filter>
    </ClCompile>
    <ClCompile Include="algorithm\svgpp\SvgPath.cpp">
      <Filter>algorithm\svgpp</Filter>
    </ClCompile>
    <ClCompile Include="algorithm\svgpp\SvgText.cpp">
      <Filter>algorithm\svgpp</Filter>
    </ClCompile>
    <ClCompile Include="algorithm\svgpp\SvgGroup.cpp">
      <Filter>algorithm\svgpp</Filter>
    </ClCompile>
    <ClCompile Include="Algorithm\tinyxml\tinystr.cpp">
      <Filter>algorithm\tinyxml</Filter>
    </ClCompile>
    <ClCompile Include="Algorithm\tinyxml\tinyxml.cpp">
      <Filter>algorithm\tinyxml</Filter>
    </ClCompile>
    <ClCompile Include="Algorithm\tinyxml\tinyxmlerror.cpp">
      <Filter>algorithm\tinyxml</Filter>
    </ClCompile>
    <ClCompile Include="Algorithm\tinyxml\tinyxmlparser.cpp">
      <Filter>algorithm\tinyxml</Filter>
    </ClCompile>
    <ClCompile Include="Algorithm\svgpp\nvprsvg\common\dsa_emulate.c">
      <Filter>algorithm\svgpp\nvprsvg\common</Filter>
    </ClCompile>
    <ClCompile Include="Algorithm\svgpp\nvprsvg\common\mjkimage.c">
      <Filter>algorithm\svgpp\nvprsvg\common</Filter>
    </ClCompile>
    <ClCompile Include="Algorithm\svgpp\nvprsvg\common\nvpr_init.c">
      <Filter>algorithm\svgpp\nvprsvg\common</Filter>
    </ClCompile>
    <ClCompile Include="Algorithm\svgpp\nvprsvg\common\render_font.cpp">
      <Filter>algorithm\svgpp\nvprsvg\common</Filter>
    </ClCompile>
    <ClCompile Include="Algorithm\svgpp\nvprsvg\common\request_vsync.c">
      <Filter>algorithm\svgpp\nvprsvg\common</Filter>
    </ClCompile>
    <ClCompile Include="Algorithm\svgpp\nvprsvg\common\showfps.c">
      <Filter>algorithm\svgpp\nvprsvg\common</Filter>
    </ClCompile>
    <ClCompile Include="Algorithm\svgpp\nvprsvg\common\sRGB_math.c">
      <Filter>algorithm\svgpp\nvprsvg\common</Filter>
    </ClCompile>
    <ClCompile Include="Algorithm\svgpp\nvprsvg\common\tiger.c">
      <Filter>algorithm\svgpp\nvprsvg\common</Filter>
    </ClCompile>
    <ClCompile Include="Algorithm\svgpp\nvprsvg\common\trackball.c">
      <Filter>algorithm\svgpp\nvprsvg\common</Filter>
    </ClCompile>
    <ClCompile Include="Algorithm\svgpp\nvprsvg\common\welsh_dragon.c">
      <Filter>algorithm\svgpp\nvprsvg\common</Filter>
    </ClCompile>
    <ClCompile Include="Algorithm\svgpp\nvprsvg\common\xform.c">
      <Filter>algorithm\svgpp\nvprsvg\common</Filter>
    </ClCompile>
    <ClCompile Include="Algorithm\svgpp\nvprsvg\common\xform_cpp.cpp">
      <Filter>algorithm\svgpp\nvprsvg\common</Filter>
    </ClCompile>
    <ClCompile Include="Algorithm\svgpp\nvprsvg\stb\stb_image.c">
      <Filter>algorithm\svgpp\nvprsvg\stb</Filter>
    </ClCompile>
    <ClCompile Include="Algorithm\svgpp\nvprsvg\stc\renderer_stc.cpp">
      <Filter>algorithm\svgpp\nvprsvg\stc</Filter>
    </ClCompile>
    <ClCompile Include="Algorithm\svgpp\nvprsvg\stc\scene_stc.cpp">
      <Filter>algorithm\svgpp\nvprsvg\stc</Filter>
    </ClCompile>
    <ClCompile Include="Algorithm\svgpp\nvprsvg\nvpr\renderer_nvpr.cpp">
      <Filter>algorithm\svgpp\nvprsvg\nvpr</Filter>
    </ClCompile>
    <ClCompile Include="Algorithm\svgpp\nvprsvg\nvpr\renderer_nvpr_path.cpp">
      <Filter>algorithm\svgpp\nvprsvg\nvpr</Filter>
    </ClCompile>
    <ClCompile Include="Algorithm\svgpp\nvprsvg\nvpr\renderer_nvpr_shader.cpp">
      <Filter>algorithm\svgpp\nvprsvg\nvpr</Filter>
    </ClCompile>
    <ClCompile Include="Algorithm\svgpp\nvprsvg\cg4cpp\src\abs.cpp">
      <Filter>algorithm\svgpp\nvprsvg\cg</Filter>
    </ClCompile>
    <ClCompile Include="Algorithm\svgpp\nvprsvg\cg4cpp\src\acos.cpp">
      <Filter>algorithm\svgpp\nvprsvg\cg</Filter>
    </ClCompile>
    <ClCompile Include="Algorithm\svgpp\nvprsvg\cg4cpp\src\all.cpp">
      <Filter>algorithm\svgpp\nvprsvg\cg</Filter>
    </ClCompile>
    <ClCompile Include="Algorithm\svgpp\nvprsvg\cg4cpp\src\any.cpp">
      <Filter>algorithm\svgpp\nvprsvg\cg</Filter>
    </ClCompile>
    <ClCompile Include="Algorithm\svgpp\nvprsvg\cg4cpp\src\asin.cpp">
      <Filter>algorithm\svgpp\nvprsvg\cg</Filter>
    </ClCompile>
    <ClCompile Include="Algorithm\svgpp\nvprsvg\cg4cpp\src\atan.cpp">
      <Filter>algorithm\svgpp\nvprsvg\cg</Filter>
    </ClCompile>
    <ClCompile Include="Algorithm\svgpp\nvprsvg\cg4cpp\src\atan2.cpp">
      <Filter>algorithm\svgpp\nvprsvg\cg</Filter>
    </ClCompile>
    <ClCompile Include="Algorithm\svgpp\nvprsvg\cg4cpp\src\ceil.cpp">
      <Filter>algorithm\svgpp\nvprsvg\cg</Filter>
    </ClCompile>
    <ClCompile Include="Algorithm\svgpp\nvprsvg\cg4cpp\src\clamp.cpp">
      <Filter>algorithm\svgpp\nvprsvg\cg</Filter>
    </ClCompile>
    <ClCompile Include="Algorithm\svgpp\nvprsvg\cg4cpp\src\cos.cpp">
      <Filter>algorithm\svgpp\nvprsvg\cg</Filter>
    </ClCompile>
    <ClCompile Include="Algorithm\svgpp\nvprsvg\cg4cpp\src\cosh.cpp">
      <Filter>algorithm\svgpp\nvprsvg\cg</Filter>
    </ClCompile>
    <ClCompile Include="Algorithm\svgpp\nvprsvg\cg4cpp\src\cross.cpp">
      <Filter>algorithm\svgpp\nvprsvg\cg</Filter>
    </ClCompile>
    <ClCompile Include="Algorithm\svgpp\nvprsvg\cg4cpp\src\degrees.cpp">
      <Filter>algorithm\svgpp\nvprsvg\cg</Filter>
    </ClCompile>
    <ClCompile Include="Algorithm\svgpp\nvprsvg\cg4cpp\src\determinant.cpp">
      <Filter>algorithm\svgpp\nvprsvg\cg</Filter>
    </ClCompile>
    <ClCompile Include="Algorithm\svgpp\nvprsvg\cg4cpp\src\distance.cpp">
      <Filter>algorithm\svgpp\nvprsvg\cg</Filter>
    </ClCompile>
    <ClCompile Include="Algorithm\svgpp\nvprsvg\cg4cpp\src\dot.cpp">
      <Filter>algorithm\svgpp\nvprsvg\cg</Filter>
    </ClCompile>
    <ClCompile Include="Algorithm\svgpp\nvprsvg\cg4cpp\src\exp.cpp">
      <Filter>algorithm\svgpp\nvprsvg\cg</Filter>
    </ClCompile>
    <ClCompile Include="Algorithm\svgpp\nvprsvg\cg4cpp\src\exp2.cpp">
      <Filter>algorithm\svgpp\nvprsvg\cg</Filter>
    </ClCompile>
    <ClCompile Include="Algorithm\svgpp\nvprsvg\cg4cpp\src\faceforward.cpp">
      <Filter>algorithm\svgpp\nvprsvg\cg</Filter>
    </ClCompile>
    <ClCompile Include="Algorithm\svgpp\nvprsvg\cg4cpp\src\floatToIntBits.cpp">
      <Filter>algorithm\svgpp\nvprsvg\cg</Filter>
    </ClCompile>
    <ClCompile Include="Algorithm\svgpp\nvprsvg\cg4cpp\src\floatToRawIntBits.cpp">
      <Filter>algorithm\svgpp\nvprsvg\cg</Filter>
    </ClCompile>
    <ClCompile Include="Algorithm\svgpp\nvprsvg\cg4cpp\src\floor.cpp">
      <Filter>algorithm\svgpp\nvprsvg\cg</Filter>
    </ClCompile>
    <ClCompile Include="Algorithm\svgpp\nvprsvg\cg4cpp\src\fmod.cpp">
      <Filter>algorithm\svgpp\nvprsvg\cg</Filter>
    </ClCompile>
    <ClCompile Include="Algorithm\svgpp\nvprsvg\cg4cpp\src\frac.cpp">
      <Filter>algorithm\svgpp\nvprsvg\cg</Filter>
    </ClCompile>
    <ClCompile Include="Algorithm\svgpp\nvprsvg\cg4cpp\src\fresnel.cpp">
      <Filter>algorithm\svgpp\nvprsvg\cg</Filter>
    </ClCompile>
    <ClCompile Include="Algorithm\svgpp\nvprsvg\cg4cpp\src\frexp.cpp">
      <Filter>algorithm\svgpp\nvprsvg\cg</Filter>
    </ClCompile>
    <ClCompile Include="Algorithm\svgpp\nvprsvg\cg4cpp\src\intBitsToFloat.cpp">
      <Filter>algorithm\svgpp\nvprsvg\cg</Filter>
    </ClCompile>
    <ClCompile Include="Algorithm\svgpp\nvprsvg\cg4cpp\src\inverse.cpp">
      <Filter>algorithm\svgpp\nvprsvg\cg</Filter>
    </ClCompile>
    <ClCompile Include="Algorithm\svgpp\nvprsvg\cg4cpp\src\iostream.cpp">
      <Filter>algorithm\svgpp\nvprsvg\cg</Filter>
    </ClCompile>
    <ClCompile Include="Algorithm\svgpp\nvprsvg\cg4cpp\src\isfinite.cpp">
      <Filter>algorithm\svgpp\nvprsvg\cg</Filter>
    </ClCompile>
    <ClCompile Include="Algorithm\svgpp\nvprsvg\cg4cpp\src\isinf.cpp">
      <Filter>algorithm\svgpp\nvprsvg\cg</Filter>
    </ClCompile>
    <ClCompile Include="Algorithm\svgpp\nvprsvg\cg4cpp\src\isnan.cpp">
      <Filter>algorithm\svgpp\nvprsvg\cg</Filter>
    </ClCompile>
    <ClCompile Include="Algorithm\svgpp\nvprsvg\cg4cpp\src\ldexp.cpp">
      <Filter>algorithm\svgpp\nvprsvg\cg</Filter>
    </ClCompile>
    <ClCompile Include="Algorithm\svgpp\nvprsvg\cg4cpp\src\length.cpp">
      <Filter>algorithm\svgpp\nvprsvg\cg</Filter>
    </ClCompile>
    <ClCompile Include="Algorithm\svgpp\nvprsvg\cg4cpp\src\lerp.cpp">
      <Filter>algorithm\svgpp\nvprsvg\cg</Filter>
    </ClCompile>
    <ClCompile Include="Algorithm\svgpp\nvprsvg\cg4cpp\src\lit.cpp">
      <Filter>algorithm\svgpp\nvprsvg\cg</Filter>
    </ClCompile>
    <ClCompile Include="Algorithm\svgpp\nvprsvg\cg4cpp\src\log.cpp">
      <Filter>algorithm\svgpp\nvprsvg\cg</Filter>
    </ClCompile>
    <ClCompile Include="Algorithm\svgpp\nvprsvg\cg4cpp\src\log2.cpp">
      <Filter>algorithm\svgpp\nvprsvg\cg</Filter>
    </ClCompile>
    <ClCompile Include="Algorithm\svgpp\nvprsvg\cg4cpp\src\log10.cpp">
      <Filter>algorithm\svgpp\nvprsvg\cg</Filter>
    </ClCompile>
    <ClCompile Include="Algorithm\svgpp\nvprsvg\cg4cpp\src\max.cpp">
      <Filter>algorithm\svgpp\nvprsvg\cg</Filter>
    </ClCompile>
    <ClCompile Include="Algorithm\svgpp\nvprsvg\cg4cpp\src\min.cpp">
      <Filter>algorithm\svgpp\nvprsvg\cg</Filter>
    </ClCompile>
    <ClCompile Include="Algorithm\svgpp\nvprsvg\cg4cpp\src\modf.cpp">
      <Filter>algorithm\svgpp\nvprsvg\cg</Filter>
    </ClCompile>
    <ClCompile Include="Algorithm\svgpp\nvprsvg\cg4cpp\src\mul.cpp">
      <Filter>algorithm\svgpp\nvprsvg\cg</Filter>
    </ClCompile>
    <ClCompile Include="Algorithm\svgpp\nvprsvg\cg4cpp\src\normalize.cpp">
      <Filter>algorithm\svgpp\nvprsvg\cg</Filter>
    </ClCompile>
    <ClCompile Include="Algorithm\svgpp\nvprsvg\cg4cpp\src\pow.cpp">
      <Filter>algorithm\svgpp\nvprsvg\cg</Filter>
    </ClCompile>
    <ClCompile Include="Algorithm\svgpp\nvprsvg\cg4cpp\src\radians.cpp">
      <Filter>algorithm\svgpp\nvprsvg\cg</Filter>
    </ClCompile>
    <ClCompile Include="Algorithm\svgpp\nvprsvg\cg4cpp\src\reflect.cpp">
      <Filter>algorithm\svgpp\nvprsvg\cg</Filter>
    </ClCompile>
    <ClCompile Include="Algorithm\svgpp\nvprsvg\cg4cpp\src\refract.cpp">
      <Filter>algorithm\svgpp\nvprsvg\cg</Filter>
    </ClCompile>
    <ClCompile Include="Algorithm\svgpp\nvprsvg\cg4cpp\src\round.cpp">
      <Filter>algorithm\svgpp\nvprsvg\cg</Filter>
    </ClCompile>
    <ClCompile Include="Algorithm\svgpp\nvprsvg\cg4cpp\src\rsqrt.cpp">
      <Filter>algorithm\svgpp\nvprsvg\cg</Filter>
    </ClCompile>
    <ClCompile Include="Algorithm\svgpp\nvprsvg\cg4cpp\src\sampler_gl.cpp">
      <Filter>algorithm\svgpp\nvprsvg\cg</Filter>
    </ClCompile>
    <ClCompile Include="Algorithm\svgpp\nvprsvg\cg4cpp\src\sampler_state.cpp">
      <Filter>algorithm\svgpp\nvprsvg\cg</Filter>
    </ClCompile>
    <ClCompile Include="Algorithm\svgpp\nvprsvg\cg4cpp\src\sampler1D.cpp">
      <Filter>algorithm\svgpp\nvprsvg\cg</Filter>
    </ClCompile>
    <ClCompile Include="Algorithm\svgpp\nvprsvg\cg4cpp\src\sampler1DARRAY.cpp">
      <Filter>algorithm\svgpp\nvprsvg\cg</Filter>
    </ClCompile>
    <ClCompile Include="Algorithm\svgpp\nvprsvg\cg4cpp\src\sampler2D.cpp">
      <Filter>algorithm\svgpp\nvprsvg\cg</Filter>
    </ClCompile>
    <ClCompile Include="Algorithm\svgpp\nvprsvg\cg4cpp\src\sampler2DARRAY.cpp">
      <Filter>algorithm\svgpp\nvprsvg\cg</Filter>
    </ClCompile>
    <ClCompile Include="Algorithm\svgpp\nvprsvg\cg4cpp\src\sampler3D.cpp">
      <Filter>algorithm\svgpp\nvprsvg\cg</Filter>
    </ClCompile>
    <ClCompile Include="Algorithm\svgpp\nvprsvg\cg4cpp\src\samplerBUF.cpp">
      <Filter>algorithm\svgpp\nvprsvg\cg</Filter>
    </ClCompile>
    <ClCompile Include="Algorithm\svgpp\nvprsvg\cg4cpp\src\samplerCUBE.cpp">
      <Filter>algorithm\svgpp\nvprsvg\cg</Filter>
    </ClCompile>
    <ClCompile Include="Algorithm\svgpp\nvprsvg\cg4cpp\src\samplerRECT.cpp">
      <Filter>algorithm\svgpp\nvprsvg\cg</Filter>
    </ClCompile>
    <ClCompile Include="Algorithm\svgpp\nvprsvg\cg4cpp\src\saturate.cpp">
      <Filter>algorithm\svgpp\nvprsvg\cg</Filter>
    </ClCompile>
    <ClCompile Include="Algorithm\svgpp\nvprsvg\cg4cpp\src\sign.cpp">
      <Filter>algorithm\svgpp\nvprsvg\cg</Filter>
    </ClCompile>
    <ClCompile Include="Algorithm\svgpp\nvprsvg\cg4cpp\src\sin.cpp">
      <Filter>algorithm\svgpp\nvprsvg\cg</Filter>
    </ClCompile>
    <ClCompile Include="Algorithm\svgpp\nvprsvg\cg4cpp\src\sincos.cpp">
      <Filter>algorithm\svgpp\nvprsvg\cg</Filter>
    </ClCompile>
    <ClCompile Include="Algorithm\svgpp\nvprsvg\cg4cpp\src\sinh.cpp">
      <Filter>algorithm\svgpp\nvprsvg\cg</Filter>
    </ClCompile>
    <ClCompile Include="Algorithm\svgpp\nvprsvg\cg4cpp\src\smoothstep.cpp">
      <Filter>algorithm\svgpp\nvprsvg\cg</Filter>
    </ClCompile>
    <ClCompile Include="Algorithm\svgpp\nvprsvg\cg4cpp\src\sqrt.cpp">
      <Filter>algorithm\svgpp\nvprsvg\cg</Filter>
    </ClCompile>
    <ClCompile Include="Algorithm\svgpp\nvprsvg\cg4cpp\src\step.cpp">
      <Filter>algorithm\svgpp\nvprsvg\cg</Filter>
    </ClCompile>
    <ClCompile Include="Algorithm\svgpp\nvprsvg\cg4cpp\src\tan.cpp">
      <Filter>algorithm\svgpp\nvprsvg\cg</Filter>
    </ClCompile>
    <ClCompile Include="Algorithm\svgpp\nvprsvg\cg4cpp\src\tanh.cpp">
      <Filter>algorithm\svgpp\nvprsvg\cg</Filter>
    </ClCompile>
    <ClCompile Include="Algorithm\svgpp\nvprsvg\cg4cpp\src\transpose.cpp">
      <Filter>algorithm\svgpp\nvprsvg\cg</Filter>
    </ClCompile>
    <ClCompile Include="Algorithm\svgpp\nvprsvg\cg4cpp\src\trunc.cpp">
      <Filter>algorithm\svgpp\nvprsvg\cg</Filter>
    </ClCompile>
    <ClCompile Include="Algorithm\svgpp\nvprsvg\cg4cpp\src\upper1x1.cpp">
      <Filter>algorithm\svgpp\nvprsvg\cg</Filter>
    </ClCompile>
    <ClCompile Include="Algorithm\svgpp\nvprsvg\cg4cpp\src\upper1x2.cpp">
      <Filter>algorithm\svgpp\nvprsvg\cg</Filter>
    </ClCompile>
    <ClCompile Include="Algorithm\svgpp\nvprsvg\cg4cpp\src\upper1x3.cpp">
      <Filter>algorithm\svgpp\nvprsvg\cg</Filter>
    </ClCompile>
    <ClCompile Include="Algorithm\svgpp\nvprsvg\cg4cpp\src\upper1x4.cpp">
      <Filter>algorithm\svgpp\nvprsvg\cg</Filter>
    </ClCompile>
    <ClCompile Include="Algorithm\svgpp\nvprsvg\cg4cpp\src\upper2x1.cpp">
      <Filter>algorithm\svgpp\nvprsvg\cg</Filter>
    </ClCompile>
    <ClCompile Include="Algorithm\svgpp\nvprsvg\cg4cpp\src\upper2x2.cpp">
      <Filter>algorithm\svgpp\nvprsvg\cg</Filter>
    </ClCompile>
    <ClCompile Include="Algorithm\svgpp\nvprsvg\cg4cpp\src\upper2x3.cpp">
      <Filter>algorithm\svgpp\nvprsvg\cg</Filter>
    </ClCompile>
    <ClCompile Include="Algorithm\svgpp\nvprsvg\cg4cpp\src\upper2x4.cpp">
      <Filter>algorithm\svgpp\nvprsvg\cg</Filter>
    </ClCompile>
    <ClCompile Include="Algorithm\svgpp\nvprsvg\cg4cpp\src\upper3x1.cpp">
      <Filter>algorithm\svgpp\nvprsvg\cg</Filter>
    </ClCompile>
    <ClCompile Include="Algorithm\svgpp\nvprsvg\cg4cpp\src\upper3x2.cpp">
      <Filter>algorithm\svgpp\nvprsvg\cg</Filter>
    </ClCompile>
    <ClCompile Include="Algorithm\svgpp\nvprsvg\cg4cpp\src\upper3x3.cpp">
      <Filter>algorithm\svgpp\nvprsvg\cg</Filter>
    </ClCompile>
    <ClCompile Include="Algorithm\svgpp\nvprsvg\cg4cpp\src\upper3x4.cpp">
      <Filter>algorithm\svgpp\nvprsvg\cg</Filter>
    </ClCompile>
    <ClCompile Include="Algorithm\svgpp\nvprsvg\cg4cpp\src\upper4x1.cpp">
      <Filter>algorithm\svgpp\nvprsvg\cg</Filter>
    </ClCompile>
    <ClCompile Include="Algorithm\svgpp\nvprsvg\cg4cpp\src\upper4x2.cpp">
      <Filter>algorithm\svgpp\nvprsvg\cg</Filter>
    </ClCompile>
    <ClCompile Include="Algorithm\svgpp\nvprsvg\cg4cpp\src\upper4x3.cpp">
      <Filter>algorithm\svgpp\nvprsvg\cg</Filter>
    </ClCompile>
    <ClCompile Include="Algorithm\svgpp\nvprsvg\cg4cpp\src\upper4x4.cpp">
      <Filter>algorithm\svgpp\nvprsvg\cg</Filter>
    </ClCompile>
    <ClCompile Include="event_handles\Edit2dPatternEventHandle.cpp">
      <Filter>event_handle</Filter>
    </ClCompile>
    <ClCompile Include="event_handles\Transform2dPatternEventHandle.cpp">
      <Filter>event_handle</Filter>
    </ClCompile>
    <ClCompile Include="event_handles\Sewing2dPatternEventHandle.cpp">
      <Filter>event_handle</Filter>
    </ClCompile>
    <ClCompile Include="Algorithm\cloth\HistoryStack.cpp">
      <Filter>algorithm\cloth</Filter>
    </ClCompile>
    <ClCompile Include="Algorithm\cloth\TransformInfo.cpp">
      <Filter>algorithm\cloth</Filter>
    </ClCompile>
    <ClCompile Include="Algorithm\Shader\glsl.cpp">
      <Filter>algorithm\shader</Filter>
    </ClCompile>
    <ClCompile Include="Algorithm\Shader\glslprogram.cpp">
      <Filter>algorithm\shader</Filter>
    </ClCompile>
    <ClCompile Include="Algorithm\Shader\ShaderManager.cpp">
      <Filter>algorithm\shader</Filter>
    </ClCompile>
    <ClCompile Include="Algorithm\cloth\graph\AbstractGraphOjbect.cpp">
      <Filter>algorithm\cloth\graph</Filter>
    </ClCompile>
    <ClCompile Include="Algorithm\cloth\graph\GraphPoint.cpp">
      <Filter>algorithm\cloth\graph</Filter>
    </ClCompile>
    <ClCompile Include="Algorithm\cloth\graph\GraphLine.cpp">
      <Filter>algorithm\cloth\graph</Filter>
    </ClCompile>
    <ClCompile Include="Algorithm\cloth\graph\AbstractGraphCurve.cpp">
      <Filter>algorithm\cloth\graph</Filter>
    </ClCompile>
    <ClCompile Include="Algorithm\cloth\graph\GraphQuadratic.cpp">
      <Filter>algorithm\cloth\graph</Filter>
    </ClCompile>
    <ClCompile Include="Algorithm\cloth\graph\GraphCubic.cpp">
      <Filter>algorithm\cloth\graph</Filter>
    </ClCompile>
    <ClCompile Include="Algorithm\cloth\graph\GraphLoop.cpp">
      <Filter>algorithm\cloth\graph</Filter>
    </ClCompile>
    <ClCompile Include="Algorithm\cloth\graph\Graph.cpp">
      <Filter>algorithm\cloth\graph</Filter>
    </ClCompile>
    <ClCompile Include="Algorithm\cloth\graph\GraphsSewing.cpp">
      <Filter>algorithm\cloth\graph</Filter>
    </ClCompile>
    <ClCompile Include="Algorithm\cloth\graph\Graph2Mesh.cpp">
      <Filter>algorithm\cloth\graph</Filter>
    </ClCompile>
    <ClCompile Include="Algorithm\cloth\definations.cpp">
      <Filter>algorithm\cloth</Filter>
    </ClCompile>
    <ClCompile Include="Algorithm\cloth\SmplManager.cpp">
      <Filter>algorithm\cloth</Filter>
    </ClCompile>
    <ClCompile Include="GeneratedFiles\Debug\moc_Viewer2d.cpp">
      <Filter>Generated Files\Debug</Filter>
    </ClCompile>
    <ClCompile Include="GeneratedFiles\Release\moc_Viewer2d.cpp">
      <Filter>Generated Files\Release</Filter>
    </ClCompile>
    <ClCompile Include="GeneratedFiles\Debug\moc_viewer3d.cpp">
      <Filter>Generated Files\Debug</Filter>
    </ClCompile>
    <ClCompile Include="GeneratedFiles\Release\moc_viewer3d.cpp">
      <Filter>Generated Files\Release</Filter>
    </ClCompile>
    <ClCompile Include="Algorithm\svgpp\SvgPolyPath.cpp">
      <Filter>algorithm\svgpp</Filter>
    </ClCompile>
    <ClCompile Include="GeneratedFiles\Debug\moc_clothdesigner.cpp">
      <Filter>Generated Files\Debug</Filter>
    </ClCompile>
    <ClCompile Include="GeneratedFiles\Release\moc_clothdesigner.cpp">
      <Filter>Generated Files\Release</Filter>
    </ClCompile>
    <ClCompile Include="event_handles\Cylinder3dEventHandle.cpp">
      <Filter>event_handle</Filter>
    </ClCompile>
  </ItemGroup>
  <ItemGroup>
    <CustomBuild Include="clothdesigner.ui">
      <Filter>Form Files</Filter>
    </CustomBuild>
    <CustomBuild Include="clothdesigner.qrc">
      <Filter>Resource Files</Filter>
    </CustomBuild>
    <CustomBuild Include="qdarkstyle\style.qrc">
      <Filter>Resource Files</Filter>
    </CustomBuild>
    <CustomBuild Include="Viewer2d.h">
      <Filter>Source Files</Filter>
    </CustomBuild>
    <CustomBuild Include="viewer3d.h">
      <Filter>Source Files</Filter>
    </CustomBuild>
    <CustomBuild Include="clothdesigner.h">
      <Filter>Source Files</Filter>
    </CustomBuild>
  </ItemGroup>
  <ItemGroup>
    <ClInclude Include="GeneratedFiles\ui_clothdesigner.h">
      <Filter>Generated Files</Filter>
    </ClInclude>
    <ClInclude Include="Algorithm\camera\Camera.h">
      <Filter>algorithm\camera</Filter>
    </ClInclude>
    <ClInclude Include="Algorithm\camera\fmath.h">
      <Filter>algorithm\camera</Filter>
    </ClInclude>
    <ClInclude Include="Algorithm\conv\Convolution_Helper.h">
      <Filter>algorithm\conv</Filter>
    </ClInclude>
    <ClInclude Include="Algorithm\conv\ConvolutionPyramid.h">
      <Filter>algorithm\conv</Filter>
    </ClInclude>
    <ClInclude Include="Algorithm\conv\ImageData.h">
      <Filter>algorithm\conv</Filter>
    </ClInclude>
    <ClInclude Include="Algorithm\FreeImage\CFreeImage.h">
      <Filter>algorithm\freeImage</Filter>
    </ClInclude>
    <ClInclude Include="Algorithm\kdtree\AABB.h">
      <Filter>algorithm\kdtree</Filter>
    </ClInclude>
    <ClInclude Include="Algorithm\kdtree\BSphere.h">
      <Filter>algorithm\kdtree</Filter>
    </ClInclude>
    <ClInclude Include="Algorithm\kdtree\common.h">
      <Filter>algorithm\kdtree</Filter>
    </ClInclude>
    <ClInclude Include="Algorithm\kdtree\KdTree.h">
      <Filter>algorithm\kdtree</Filter>
    </ClInclude>
    <ClInclude Include="Algorithm\kdtree\nanoflann.hpp">
      <Filter>algorithm\kdtree</Filter>
    </ClInclude>
    <ClInclude Include="Algorithm\kdtree\PointTree.h">
      <Filter>algorithm\kdtree</Filter>
    </ClInclude>
    <ClInclude Include="Algorithm\kdtree\Primitive.h">
      <Filter>algorithm\kdtree</Filter>
    </ClInclude>
    <ClInclude Include="Algorithm\kdtree\Ray.h">
      <Filter>algorithm\kdtree</Filter>
    </ClInclude>
    <ClInclude Include="Algorithm\ldpMat\half.hpp">
      <Filter>algorithm\ldpMat</Filter>
    </ClInclude>
    <ClInclude Include="Algorithm\ldpMat\ldp_basic_mat.h">
      <Filter>algorithm\ldpMat</Filter>
    </ClInclude>
    <ClInclude Include="Algorithm\ldpMat\ldp_basic_vec.h">
      <Filter>algorithm\ldpMat</Filter>
    </ClInclude>
    <ClInclude Include="Algorithm\ldpMat\ldpdef.h">
      <Filter>algorithm\ldpMat</Filter>
    </ClInclude>
    <ClInclude Include="Algorithm\ldpMat\Quaternion.h">
      <Filter>algorithm\ldpMat</Filter>
    </ClInclude>
    <ClInclude Include="Algorithm\Renderable\bmesh.h">
      <Filter>algorithm\renderable</Filter>
    </ClInclude>
    <ClInclude Include="Algorithm\Renderable\bmesh_private.h">
      <Filter>algorithm\renderable</Filter>
    </ClInclude>
    <ClInclude Include="Algorithm\Renderable\BoneMesh.h">
      <Filter>algorithm\renderable</Filter>
    </ClInclude>
    <ClInclude Include="Algorithm\Renderable\Error.h">
      <Filter>algorithm\renderable</Filter>
    </ClInclude>
    <ClInclude Include="Algorithm\Renderable\GLNode.h">
      <Filter>algorithm\renderable</Filter>
    </ClInclude>
    <ClInclude Include="Algorithm\Renderable\ObjMesh.h">
      <Filter>algorithm\renderable</Filter>
    </ClInclude>
    <ClInclude Include="Algorithm\Renderable\Renderable.h">
      <Filter>algorithm\renderable</Filter>
    </ClInclude>
    <ClInclude Include="Algorithm\ldputil.h">
      <Filter>algorithm</Filter>
    </ClInclude>
    <ClInclude Include="Algorithm\LMSolver.h">
      <Filter>algorithm</Filter>
    </ClInclude>
    <ClInclude Include="Algorithm\qimdebug.h">
      <Filter>algorithm</Filter>
    </ClInclude>
    <ClInclude Include="Algorithm\triangle\triangle.h">
      <Filter>algorithm\triangle</Filter>
    </ClInclude>
    <ClInclude Include="Algorithm\cloth\clothManager.h">
      <Filter>algorithm\cloth</Filter>
    </ClInclude>
    <ClInclude Include="Algorithm\cloth\clothPiece.h">
      <Filter>algorithm\cloth</Filter>
    </ClInclude>
    <ClInclude Include="event_handles\Abstract3dEventHandle.h">
      <Filter>event_handle</Filter>
    </ClInclude>
    <ClInclude Include="Algorithm\global_data_holder.h">
      <Filter>algorithm</Filter>
    </ClInclude>
    <ClInclude Include="event_handles\Translate3dEventHandle.h">
      <Filter>event_handle</Filter>
    </ClInclude>
    <ClInclude Include="event_handles\Select3dEventHandle.h">
      <Filter>event_handle</Filter>
    </ClInclude>
    <ClInclude Include="event_handles\Rotate3dEventHandle.h">
      <Filter>event_handle</Filter>
    </ClInclude>
    <ClInclude Include="Algorithm\cloth\LevelSet3D.h">
      <Filter>algorithm\cloth</Filter>
    </ClInclude>
    <ClInclude Include="Algorithm\cloth\cuda_utils.h">
      <Filter>algorithm\cloth</Filter>
    </ClInclude>
    <ClInclude Include="Algorithm\cloth\device_array.h">
      <Filter>algorithm\cloth</Filter>
    </ClInclude>
    <ClInclude Include="Algorithm\cloth\device_memory.h">
      <Filter>algorithm\cloth</Filter>
    </ClInclude>
    <ClInclude Include="Algorithm\cloth\kernel_containers.h">
      <Filter>algorithm\cloth</Filter>
    </ClInclude>
    <ClInclude Include="Algorithm\cloth\COLLISION_HANDLER.h">
      <Filter>algorithm\cloth</Filter>
    </ClInclude>
    <ClInclude Include="Algorithm\cloth\LEVEL_SET_COLLISION.h">
      <Filter>algorithm\cloth</Filter>
    </ClInclude>
    <ClInclude Include="Algorithm\cloth\device_utils.h">
      <Filter>algorithm\cloth</Filter>
    </ClInclude>
    <ClInclude Include="Algorithm\cloth\helper_math.h">
      <Filter>algorithm\cloth</Filter>
    </ClInclude>
    <ClInclude Include="event_handles\Abstract2dEventHandle.h">
      <Filter>event_handle</Filter>
    </ClInclude>
    <ClInclude Include="Algorithm\svgpp\SvgAbstractObject.h">
      <Filter>algorithm\svgpp</Filter>
    </ClInclude>
    <ClInclude Include="Algorithm\svgpp\SvgAttribute.h">
      <Filter>algorithm\svgpp</Filter>
    </ClInclude>
    <ClInclude Include="Algorithm\svgpp\SvgGroup.h">
      <Filter>algorithm\svgpp</Filter>
    </ClInclude>
    <ClInclude Include="Algorithm\svgpp\SvgManager.h">
      <Filter>algorithm\svgpp</Filter>
    </ClInclude>
    <ClInclude Include="Algorithm\svgpp\SvgPath.h">
      <Filter>algorithm\svgpp</Filter>
    </ClInclude>
    <ClInclude Include="Algorithm\svgpp\SvgPolyPath.h">
      <Filter>algorithm\svgpp</Filter>
    </ClInclude>
    <ClInclude Include="Algorithm\svgpp\SvgText.h">
      <Filter>algorithm\svgpp</Filter>
    </ClInclude>
    <ClInclude Include="Algorithm\svgpp\nvprsvg\ActiveControlPoint.hpp">
      <Filter>algorithm\svgpp\nvprsvg</Filter>
    </ClInclude>
    <ClInclude Include="Algorithm\svgpp\nvprsvg\boar_colors.h">
      <Filter>algorithm\svgpp\nvprsvg</Filter>
    </ClInclude>
    <ClInclude Include="Algorithm\svgpp\nvprsvg\boar_paths.h">
      <Filter>algorithm\svgpp\nvprsvg</Filter>
    </ClInclude>
    <ClInclude Include="Algorithm\svgpp\nvprsvg\color_names.hpp">
      <Filter>algorithm\svgpp\nvprsvg</Filter>
    </ClInclude>
    <ClInclude Include="Algorithm\svgpp\nvprsvg\countof.h">
      <Filter>algorithm\svgpp\nvprsvg</Filter>
    </ClInclude>
    <ClInclude Include="Algorithm\svgpp\nvprsvg\freetype2_loader.hpp">
      <Filter>algorithm\svgpp\nvprsvg</Filter>
    </ClInclude>
    <ClInclude Include="Algorithm\svgpp\nvprsvg\glmatrix.hpp">
      <Filter>algorithm\svgpp\nvprsvg</Filter>
    </ClInclude>
    <ClInclude Include="Algorithm\svgpp\nvprsvg\misc_math.hpp">
      <Filter>algorithm\svgpp\nvprsvg</Filter>
    </ClInclude>
    <ClInclude Include="Algorithm\svgpp\nvprsvg\nvpr_svg_config.h">
      <Filter>algorithm\svgpp\nvprsvg</Filter>
    </ClInclude>
    <ClInclude Include="Algorithm\svgpp\nvprsvg\path.hpp">
      <Filter>algorithm\svgpp\nvprsvg</Filter>
    </ClInclude>
    <ClInclude Include="Algorithm\svgpp\nvprsvg\path_data.h">
      <Filter>algorithm\svgpp\nvprsvg</Filter>
    </ClInclude>
    <ClInclude Include="Algorithm\svgpp\nvprsvg\path_parse_svg.h">
      <Filter>algorithm\svgpp\nvprsvg</Filter>
    </ClInclude>
    <ClInclude Include="Algorithm\svgpp\nvprsvg\path_process.hpp">
      <Filter>algorithm\svgpp\nvprsvg</Filter>
    </ClInclude>
    <ClInclude Include="Algorithm\svgpp\nvprsvg\path_stats.hpp">
      <Filter>algorithm\svgpp\nvprsvg</Filter>
    </ClInclude>
    <ClInclude Include="Algorithm\svgpp\nvprsvg\PathStyle.hpp">
      <Filter>algorithm\svgpp\nvprsvg</Filter>
    </ClInclude>
    <ClInclude Include="Algorithm\svgpp\nvprsvg\renderer.hpp">
      <Filter>algorithm\svgpp\nvprsvg</Filter>
    </ClInclude>
    <ClInclude Include="Algorithm\svgpp\nvprsvg\scene.hpp">
      <Filter>algorithm\svgpp\nvprsvg</Filter>
    </ClInclude>
    <ClInclude Include="Algorithm\svgpp\nvprsvg\sRGB_vector.hpp">
      <Filter>algorithm\svgpp\nvprsvg</Filter>
    </ClInclude>
    <ClInclude Include="Algorithm\svgpp\nvprsvg\svg_files.hpp">
      <Filter>algorithm\svgpp\nvprsvg</Filter>
    </ClInclude>
    <ClInclude Include="Algorithm\svgpp\nvprsvg\svg_loader.hpp">
      <Filter>algorithm\svgpp\nvprsvg</Filter>
    </ClInclude>
    <ClInclude Include="Algorithm\tinyxml\tinystr.h">
      <Filter>algorithm\tinyxml</Filter>
    </ClInclude>
    <ClInclude Include="Algorithm\tinyxml\tinyxml.h">
      <Filter>algorithm\tinyxml</Filter>
    </ClInclude>
    <ClInclude Include="Algorithm\svgpp\nvprsvg\common\brick_image.h">
      <Filter>algorithm\svgpp\nvprsvg\common</Filter>
    </ClInclude>
    <ClInclude Include="Algorithm\svgpp\nvprsvg\common\countof.h">
      <Filter>algorithm\svgpp\nvprsvg\common</Filter>
    </ClInclude>
    <ClInclude Include="Algorithm\svgpp\nvprsvg\common\dsa_emulate.h">
      <Filter>algorithm\svgpp\nvprsvg\common</Filter>
    </ClInclude>
    <ClInclude Include="Algorithm\svgpp\nvprsvg\common\mjkimage.h">
      <Filter>algorithm\svgpp\nvprsvg\common</Filter>
    </ClInclude>
    <ClInclude Include="Algorithm\svgpp\nvprsvg\common\nvpr_init.h">
      <Filter>algorithm\svgpp\nvprsvg\common</Filter>
    </ClInclude>
    <ClInclude Include="Algorithm\svgpp\nvprsvg\common\render_font.hpp">
      <Filter>algorithm\svgpp\nvprsvg\common</Filter>
    </ClInclude>
    <ClInclude Include="Algorithm\svgpp\nvprsvg\common\request_vsync.h">
      <Filter>algorithm\svgpp\nvprsvg\common</Filter>
    </ClInclude>
    <ClInclude Include="Algorithm\svgpp\nvprsvg\common\showfps.h">
      <Filter>algorithm\svgpp\nvprsvg\common</Filter>
    </ClInclude>
    <ClInclude Include="Algorithm\svgpp\nvprsvg\common\sRGB_math.h">
      <Filter>algorithm\svgpp\nvprsvg\common</Filter>
    </ClInclude>
    <ClInclude Include="Algorithm\svgpp\nvprsvg\common\tiger.h">
      <Filter>algorithm\svgpp\nvprsvg\common</Filter>
    </ClInclude>
    <ClInclude Include="Algorithm\svgpp\nvprsvg\common\tiger_paths.h">
      <Filter>algorithm\svgpp\nvprsvg\common</Filter>
    </ClInclude>
    <ClInclude Include="Algorithm\svgpp\nvprsvg\common\tiger_style.h">
      <Filter>algorithm\svgpp\nvprsvg\common</Filter>
    </ClInclude>
    <ClInclude Include="Algorithm\svgpp\nvprsvg\common\trackball.h">
      <Filter>algorithm\svgpp\nvprsvg\common</Filter>
    </ClInclude>
    <ClInclude Include="Algorithm\svgpp\nvprsvg\common\welsh_dragon.h">
      <Filter>algorithm\svgpp\nvprsvg\common</Filter>
    </ClInclude>
    <ClInclude Include="Algorithm\svgpp\nvprsvg\common\welsh_dragon_colors.h">
      <Filter>algorithm\svgpp\nvprsvg\common</Filter>
    </ClInclude>
    <ClInclude Include="Algorithm\svgpp\nvprsvg\common\welsh_dragon_paths.h">
      <Filter>algorithm\svgpp\nvprsvg\common</Filter>
    </ClInclude>
    <ClInclude Include="Algorithm\svgpp\nvprsvg\common\xform.h">
      <Filter>algorithm\svgpp\nvprsvg\common</Filter>
    </ClInclude>
    <ClInclude Include="Algorithm\svgpp\nvprsvg\common\xform.hpp">
      <Filter>algorithm\svgpp\nvprsvg\common</Filter>
    </ClInclude>
    <ClInclude Include="Algorithm\svgpp\nvprsvg\stb\stb_image.h">
      <Filter>algorithm\svgpp\nvprsvg\stb</Filter>
    </ClInclude>
    <ClInclude Include="Algorithm\svgpp\nvprsvg\stc\renderer_stc.hpp">
      <Filter>algorithm\svgpp\nvprsvg\stc</Filter>
    </ClInclude>
    <ClInclude Include="Algorithm\svgpp\nvprsvg\stc\scene_stc.hpp">
      <Filter>algorithm\svgpp\nvprsvg\stc</Filter>
    </ClInclude>
    <ClInclude Include="Algorithm\svgpp\nvprsvg\nvpr\renderer_nvpr.hpp">
      <Filter>algorithm\svgpp\nvprsvg\nvpr</Filter>
    </ClInclude>
    <ClInclude Include="event_handles\Edit2dPatternEventHandle.h">
      <Filter>event_handle</Filter>
    </ClInclude>
    <ClInclude Include="event_handles\Transform2dPatternEventHandle.h">
      <Filter>event_handle</Filter>
    </ClInclude>
    <ClInclude Include="event_handles\Sewing2dPatternEventHandle.h">
      <Filter>event_handle</Filter>
    </ClInclude>
    <ClInclude Include="Algorithm\cloth\HistoryStack.h">
      <Filter>algorithm\cloth</Filter>
    </ClInclude>
    <ClInclude Include="Algorithm\cloth\TransformInfo.h">
      <Filter>algorithm\cloth</Filter>
    </ClInclude>
    <ClInclude Include="Algorithm\cloth\definations.h">
      <Filter>algorithm\cloth</Filter>
    </ClInclude>
    <ClInclude Include="Algorithm\Shader\glsl.h">
      <Filter>algorithm\shader</Filter>
    </ClInclude>
    <ClInclude Include="Algorithm\Shader\glslprogram.h">
      <Filter>algorithm\shader</Filter>
    </ClInclude>
    <ClInclude Include="Algorithm\Shader\ShaderManager.h">
      <Filter>algorithm\shader</Filter>
    </ClInclude>
    <ClInclude Include="Algorithm\cloth\graph\AbstractGraphObject.h">
      <Filter>algorithm\cloth\graph</Filter>
    </ClInclude>
    <ClInclude Include="Algorithm\cloth\graph\GraphPoint.h">
      <Filter>algorithm\cloth\graph</Filter>
    </ClInclude>
    <ClInclude Include="Algorithm\cloth\graph\GraphLine.h">
      <Filter>algorithm\cloth\graph</Filter>
    </ClInclude>
    <ClInclude Include="Algorithm\cloth\graph\AbstractGraphCurve.h">
      <Filter>algorithm\cloth\graph</Filter>
    </ClInclude>
    <ClInclude Include="Algorithm\cloth\graph\GraphQuadratic.h">
      <Filter>algorithm\cloth\graph</Filter>
    </ClInclude>
    <ClInclude Include="Algorithm\cloth\graph\GraphCubic.h">
      <Filter>algorithm\cloth\graph</Filter>
    </ClInclude>
    <ClInclude Include="Algorithm\cloth\graph\GraphLoop.h">
      <Filter>algorithm\cloth\graph</Filter>
    </ClInclude>
    <ClInclude Include="Algorithm\cloth\graph\Graph.h">
      <Filter>algorithm\cloth\graph</Filter>
    </ClInclude>
    <ClInclude Include="Algorithm\cloth\graph\GraphsSewing.h">
      <Filter>algorithm\cloth\graph</Filter>
    </ClInclude>
    <ClInclude Include="Algorithm\cloth\graph\Graph2Mesh.h">
      <Filter>algorithm\cloth\graph</Filter>
    </ClInclude>
    <ClInclude Include="Algorithm\cloth\SmplManager.h">
      <Filter>algorithm\cloth</Filter>
    </ClInclude>
    <ClInclude Include="Algorithm\matio\matio.h">
      <Filter>algorithm\matio</Filter>
    </ClInclude>
    <ClInclude Include="Algorithm\matio\matio_pubconf.h">
      <Filter>algorithm\matio</Filter>
    </ClInclude>
    <ClInclude Include="event_handles\Cylinder3dEventHandle.h">
      <Filter>event_handle</Filter>
    </ClInclude>
  </ItemGroup>
  <ItemGroup>
    <Image Include="qdarkstyle\rc\up_arrow_disabled.png">
      <Filter>Resource Files</Filter>
    </Image>
    <Image Include="qdarkstyle\rc\Hmovetoolbar.png">
      <Filter>Resource Files</Filter>
    </Image>
    <Image Include="qdarkstyle\rc\stylesheet-branch-end.png">
      <Filter>Resource Files</Filter>
    </Image>
    <Image Include="qdarkstyle\rc\branch_closed-on.png">
      <Filter>Resource Files</Filter>
    </Image>
    <Image Include="qdarkstyle\rc\stylesheet-vline.png">
      <Filter>Resource Files</Filter>
    </Image>
    <Image Include="qdarkstyle\rc\branch_closed.png">
      <Filter>Resource Files</Filter>
    </Image>
    <Image Include="qdarkstyle\rc\branch_open-on.png">
      <Filter>Resource Files</Filter>
    </Image>
    <Image Include="qdarkstyle\rc\transparent.png">
      <Filter>Resource Files</Filter>
    </Image>
    <Image Include="qdarkstyle\rc\right_arrow_disabled.png">
      <Filter>Resource Files</Filter>
    </Image>
    <Image Include="qdarkstyle\rc\sizegrip.png">
      <Filter>Resource Files</Filter>
    </Image>
    <Image Include="qdarkstyle\rc\close.png">
      <Filter>Resource Files</Filter>
    </Image>
    <Image Include="qdarkstyle\rc\close-hover.png">
      <Filter>Resource Files</Filter>
    </Image>
    <Image Include="qdarkstyle\rc\close-pressed.png">
      <Filter>Resource Files</Filter>
    </Image>
    <Image Include="qdarkstyle\rc\down_arrow.png">
      <Filter>Resource Files</Filter>
    </Image>
    <Image Include="qdarkstyle\rc\Vmovetoolbar.png">
      <Filter>Resource Files</Filter>
    </Image>
    <Image Include="qdarkstyle\rc\left_arrow.png">
      <Filter>Resource Files</Filter>
    </Image>
    <Image Include="qdarkstyle\rc\stylesheet-branch-more.png">
      <Filter>Resource Files</Filter>
    </Image>
    <Image Include="qdarkstyle\rc\up_arrow.png">
      <Filter>Resource Files</Filter>
    </Image>
    <Image Include="qdarkstyle\rc\right_arrow.png">
      <Filter>Resource Files</Filter>
    </Image>
    <Image Include="qdarkstyle\rc\left_arrow_disabled.png">
      <Filter>Resource Files</Filter>
    </Image>
    <Image Include="qdarkstyle\rc\Hsepartoolbar.png">
      <Filter>Resource Files</Filter>
    </Image>
    <Image Include="qdarkstyle\rc\branch_open.png">
      <Filter>Resource Files</Filter>
    </Image>
    <Image Include="qdarkstyle\rc\Vsepartoolbar.png">
      <Filter>Resource Files</Filter>
    </Image>
    <Image Include="qdarkstyle\rc\down_arrow_disabled.png">
      <Filter>Resource Files</Filter>
    </Image>
    <Image Include="qdarkstyle\rc\undock.png">
      <Filter>Resource Files</Filter>
    </Image>
    <Image Include="qdarkstyle\rc\checkbox_checked_disabled.png">
      <Filter>Resource Files</Filter>
    </Image>
    <Image Include="qdarkstyle\rc\checkbox_checked_focus.png">
      <Filter>Resource Files</Filter>
    </Image>
    <Image Include="qdarkstyle\rc\checkbox_checked.png">
      <Filter>Resource Files</Filter>
    </Image>
    <Image Include="qdarkstyle\rc\checkbox_indeterminate.png">
      <Filter>Resource Files</Filter>
    </Image>
    <Image Include="qdarkstyle\rc\checkbox_indeterminate_focus.png">
      <Filter>Resource Files</Filter>
    </Image>
    <Image Include="qdarkstyle\rc\checkbox_unchecked_disabled.png">
      <Filter>Resource Files</Filter>
    </Image>
    <Image Include="qdarkstyle\rc\checkbox_unchecked_focus.png">
      <Filter>Resource Files</Filter>
    </Image>
    <Image Include="qdarkstyle\rc\checkbox_unchecked.png">
      <Filter>Resource Files</Filter>
    </Image>
    <Image Include="qdarkstyle\rc\radio_checked_disabled.png">
      <Filter>Resource Files</Filter>
    </Image>
    <Image Include="qdarkstyle\rc\radio_checked_focus.png">
      <Filter>Resource Files</Filter>
    </Image>
    <Image Include="qdarkstyle\rc\radio_checked.png">
      <Filter>Resource Files</Filter>
    </Image>
    <Image Include="qdarkstyle\rc\radio_unchecked_disabled.png">
      <Filter>Resource Files</Filter>
    </Image>
    <Image Include="qdarkstyle\rc\radio_unchecked_focus.png">
      <Filter>Resource Files</Filter>
    </Image>
    <Image Include="qdarkstyle\rc\radio_unchecked.png">
      <Filter>Resource Files</Filter>
    </Image>
  </ItemGroup>
  <ItemGroup>
    <None Include="qdarkstyle\style.qss">
      <Filter>Resource Files</Filter>
    </None>
    <None Include="Activity5.nvact">
      <Filter>Form Files</Filter>
    </None>
  </ItemGroup>
  <ItemGroup>
    <CudaCompile Include="Algorithm\cloth\clothManager.cu">
      <Filter>algorithm\cloth</Filter>
    </CudaCompile>
  </ItemGroup>
</Project>